// !$*UTF8*$!
{
	archiveVersion = 1;
	classes = {
	};
	objectVersion = 56;
	objects = {

/* Begin PBXBuildFile section */
		A31D216A2AC54FC7005FCF5C /* Outcome.swift in Sources */ = {isa = PBXBuildFile; fileRef = A31D21692AC54FC7005FCF5C /* Outcome.swift */; };
		A3245A922ACC6D700062A171 /* OnboardingView.swift in Sources */ = {isa = PBXBuildFile; fileRef = A3245A912ACC6D700062A171 /* OnboardingView.swift */; };
		A3245A942ACC6DD20062A171 /* OnboardingViewModel.swift in Sources */ = {isa = PBXBuildFile; fileRef = A3245A932ACC6DD20062A171 /* OnboardingViewModel.swift */; };
		A3245A962ACC6DDE0062A171 /* OnboardingPage.swift in Sources */ = {isa = PBXBuildFile; fileRef = A3245A952ACC6DDE0062A171 /* OnboardingPage.swift */; };
		A3245A982ACC6F480062A171 /* OnboardingPageView.swift in Sources */ = {isa = PBXBuildFile; fileRef = A3245A972ACC6F480062A171 /* OnboardingPageView.swift */; };
		A3245A9A2ACC6FA70062A171 /* ContentView.swift in Sources */ = {isa = PBXBuildFile; fileRef = A3245A992ACC6FA70062A171 /* ContentView.swift */; };
		A3245A9D2ACC91F50062A171 /* OnboardingIndex.swift in Sources */ = {isa = PBXBuildFile; fileRef = A3245A9C2ACC91F50062A171 /* OnboardingIndex.swift */; };
		A3245A9F2ACC92BA0062A171 /* OnboardingCloseButton.swift in Sources */ = {isa = PBXBuildFile; fileRef = A3245A9E2ACC92BA0062A171 /* OnboardingCloseButton.swift */; };
		A3245AA12ACC936B0062A171 /* OnboardingTabView.swift in Sources */ = {isa = PBXBuildFile; fileRef = A3245AA02ACC936B0062A171 /* OnboardingTabView.swift */; };
		A3245AA32ACC93D70062A171 /* OnboardingButton.swift in Sources */ = {isa = PBXBuildFile; fileRef = A3245AA22ACC93D70062A171 /* OnboardingButton.swift */; };
		A327F7E52ACBFADF00E59355 /* Double.swift in Sources */ = {isa = PBXBuildFile; fileRef = A327F7E42ACBFADF00E59355 /* Double.swift */; };
		A327F7E72ACBFB0900E59355 /* String.swift in Sources */ = {isa = PBXBuildFile; fileRef = A327F7E62ACBFB0900E59355 /* String.swift */; };
		A327F7EA2ACBFB7100E59355 /* SurebetTextFieldStyle.swift in Sources */ = {isa = PBXBuildFile; fileRef = A327F7E92ACBFB7100E59355 /* SurebetTextFieldStyle.swift */; };
		A327F7F02ACC071500E59355 /* SurebetText.swift in Sources */ = {isa = PBXBuildFile; fileRef = A327F7EF2ACC071500E59355 /* SurebetText.swift */; };
		A327F7F22ACC08AC00E59355 /* SurebetPicker.swift in Sources */ = {isa = PBXBuildFile; fileRef = A327F7F12ACC08AC00E59355 /* SurebetPicker.swift */; };
		A327F7F42ACC093E00E59355 /* SurebetGeneralOutcome.swift in Sources */ = {isa = PBXBuildFile; fileRef = A327F7F32ACC093E00E59355 /* SurebetGeneralOutcome.swift */; };
		A327F7F62ACC099700E59355 /* SurebetToggle.swift in Sources */ = {isa = PBXBuildFile; fileRef = A327F7F52ACC099700E59355 /* SurebetToggle.swift */; };
		A327F7F82ACC0B8E00E59355 /* SurebetOutcomes.swift in Sources */ = {isa = PBXBuildFile; fileRef = A327F7F72ACC0B8E00E59355 /* SurebetOutcomes.swift */; };
		A327F7FB2ACC0E1100E59355 /* NavigationClearButton.swift in Sources */ = {isa = PBXBuildFile; fileRef = A327F7FA2ACC0E1100E59355 /* NavigationClearButton.swift */; };
		A327F7FD2ACC0E6D00E59355 /* KeyboardDoneButton.swift in Sources */ = {isa = PBXBuildFile; fileRef = A327F7FC2ACC0E6D00E59355 /* KeyboardDoneButton.swift */; };
		A327F7FF2ACC0EEE00E59355 /* KeyboardClearButton.swift in Sources */ = {isa = PBXBuildFile; fileRef = A327F7FE2ACC0EEE00E59355 /* KeyboardClearButton.swift */; };
		A399115B2ACADF980010A0AC /* SurebetCalculatorViewModel.swift in Sources */ = {isa = PBXBuildFile; fileRef = A399115A2ACADF980010A0AC /* SurebetCalculatorViewModel.swift */; };
		A3D1E1222AC6FB940054D846 /* GeneralOutcome.swift in Sources */ = {isa = PBXBuildFile; fileRef = A3D1E1212AC6FB940054D846 /* GeneralOutcome.swift */; };
		C4620670297BFAC900E70051 /* SurebetCalculatorApp.swift in Sources */ = {isa = PBXBuildFile; fileRef = C462066F297BFAC900E70051 /* SurebetCalculatorApp.swift */; };
		C4620672297BFAC900E70051 /* SurebetCalculatorView.swift in Sources */ = {isa = PBXBuildFile; fileRef = C4620671297BFAC900E70051 /* SurebetCalculatorView.swift */; };
		C4620674297BFACC00E70051 /* Assets.xcassets in Resources */ = {isa = PBXBuildFile; fileRef = C4620673297BFACC00E70051 /* Assets.xcassets */; };
		C4620677297BFACC00E70051 /* Preview Assets.xcassets in Resources */ = {isa = PBXBuildFile; fileRef = C4620676297BFACC00E70051 /* Preview Assets.xcassets */; };
/* End PBXBuildFile section */

/* Begin PBXFileReference section */
		A31D21692AC54FC7005FCF5C /* Outcome.swift */ = {isa = PBXFileReference; lastKnownFileType = sourcecode.swift; path = Outcome.swift; sourceTree = "<group>"; };
		A3245A912ACC6D700062A171 /* OnboardingView.swift */ = {isa = PBXFileReference; lastKnownFileType = sourcecode.swift; path = OnboardingView.swift; sourceTree = "<group>"; };
		A3245A932ACC6DD20062A171 /* OnboardingViewModel.swift */ = {isa = PBXFileReference; lastKnownFileType = sourcecode.swift; path = OnboardingViewModel.swift; sourceTree = "<group>"; };
		A3245A952ACC6DDE0062A171 /* OnboardingPage.swift */ = {isa = PBXFileReference; lastKnownFileType = sourcecode.swift; path = OnboardingPage.swift; sourceTree = "<group>"; };
		A3245A972ACC6F480062A171 /* OnboardingPageView.swift */ = {isa = PBXFileReference; lastKnownFileType = sourcecode.swift; path = OnboardingPageView.swift; sourceTree = "<group>"; };
		A3245A992ACC6FA70062A171 /* ContentView.swift */ = {isa = PBXFileReference; lastKnownFileType = sourcecode.swift; path = ContentView.swift; sourceTree = "<group>"; };
		A3245A9C2ACC91F50062A171 /* OnboardingIndex.swift */ = {isa = PBXFileReference; lastKnownFileType = sourcecode.swift; path = OnboardingIndex.swift; sourceTree = "<group>"; };
		A3245A9E2ACC92BA0062A171 /* OnboardingCloseButton.swift */ = {isa = PBXFileReference; lastKnownFileType = sourcecode.swift; path = OnboardingCloseButton.swift; sourceTree = "<group>"; };
		A3245AA02ACC936B0062A171 /* OnboardingTabView.swift */ = {isa = PBXFileReference; lastKnownFileType = sourcecode.swift; path = OnboardingTabView.swift; sourceTree = "<group>"; };
		A3245AA22ACC93D70062A171 /* OnboardingButton.swift */ = {isa = PBXFileReference; lastKnownFileType = sourcecode.swift; path = OnboardingButton.swift; sourceTree = "<group>"; };
		A327F7E42ACBFADF00E59355 /* Double.swift */ = {isa = PBXFileReference; lastKnownFileType = sourcecode.swift; path = Double.swift; sourceTree = "<group>"; };
		A327F7E62ACBFB0900E59355 /* String.swift */ = {isa = PBXFileReference; lastKnownFileType = sourcecode.swift; path = String.swift; sourceTree = "<group>"; };
		A327F7E92ACBFB7100E59355 /* SurebetTextFieldStyle.swift */ = {isa = PBXFileReference; lastKnownFileType = sourcecode.swift; path = SurebetTextFieldStyle.swift; sourceTree = "<group>"; };
		A327F7EF2ACC071500E59355 /* SurebetText.swift */ = {isa = PBXFileReference; lastKnownFileType = sourcecode.swift; path = SurebetText.swift; sourceTree = "<group>"; };
		A327F7F12ACC08AC00E59355 /* SurebetPicker.swift */ = {isa = PBXFileReference; lastKnownFileType = sourcecode.swift; path = SurebetPicker.swift; sourceTree = "<group>"; };
		A327F7F32ACC093E00E59355 /* SurebetGeneralOutcome.swift */ = {isa = PBXFileReference; lastKnownFileType = sourcecode.swift; path = SurebetGeneralOutcome.swift; sourceTree = "<group>"; };
		A327F7F52ACC099700E59355 /* SurebetToggle.swift */ = {isa = PBXFileReference; lastKnownFileType = sourcecode.swift; path = SurebetToggle.swift; sourceTree = "<group>"; };
		A327F7F72ACC0B8E00E59355 /* SurebetOutcomes.swift */ = {isa = PBXFileReference; lastKnownFileType = sourcecode.swift; path = SurebetOutcomes.swift; sourceTree = "<group>"; };
		A327F7FA2ACC0E1100E59355 /* NavigationClearButton.swift */ = {isa = PBXFileReference; lastKnownFileType = sourcecode.swift; path = NavigationClearButton.swift; sourceTree = "<group>"; };
		A327F7FC2ACC0E6D00E59355 /* KeyboardDoneButton.swift */ = {isa = PBXFileReference; lastKnownFileType = sourcecode.swift; path = KeyboardDoneButton.swift; sourceTree = "<group>"; };
		A327F7FE2ACC0EEE00E59355 /* KeyboardClearButton.swift */ = {isa = PBXFileReference; lastKnownFileType = sourcecode.swift; path = KeyboardClearButton.swift; sourceTree = "<group>"; };
		A399115A2ACADF980010A0AC /* SurebetCalculatorViewModel.swift */ = {isa = PBXFileReference; lastKnownFileType = sourcecode.swift; path = SurebetCalculatorViewModel.swift; sourceTree = "<group>"; };
		A3D1E1212AC6FB940054D846 /* GeneralOutcome.swift */ = {isa = PBXFileReference; lastKnownFileType = sourcecode.swift; path = GeneralOutcome.swift; sourceTree = "<group>"; };
		C462066C297BFAC900E70051 /* SurebetCalculator.app */ = {isa = PBXFileReference; explicitFileType = wrapper.application; includeInIndex = 0; path = SurebetCalculator.app; sourceTree = BUILT_PRODUCTS_DIR; };
		C462066F297BFAC900E70051 /* SurebetCalculatorApp.swift */ = {isa = PBXFileReference; lastKnownFileType = sourcecode.swift; path = SurebetCalculatorApp.swift; sourceTree = "<group>"; };
		C4620671297BFAC900E70051 /* SurebetCalculatorView.swift */ = {isa = PBXFileReference; lastKnownFileType = sourcecode.swift; path = SurebetCalculatorView.swift; sourceTree = "<group>"; };
		C4620673297BFACC00E70051 /* Assets.xcassets */ = {isa = PBXFileReference; lastKnownFileType = folder.assetcatalog; path = Assets.xcassets; sourceTree = "<group>"; };
		C4620676297BFACC00E70051 /* Preview Assets.xcassets */ = {isa = PBXFileReference; lastKnownFileType = folder.assetcatalog; path = "Preview Assets.xcassets"; sourceTree = "<group>"; };
/* End PBXFileReference section */

/* Begin PBXFrameworksBuildPhase section */
		C4620669297BFAC900E70051 /* Frameworks */ = {
			isa = PBXFrameworksBuildPhase;
			buildActionMask = 2147483647;
			files = (
			);
			runOnlyForDeploymentPostprocessing = 0;
		};
/* End PBXFrameworksBuildPhase section */

/* Begin PBXGroup section */
		A3245A8D2ACC6D0A0062A171 /* Onboarding */ = {
			isa = PBXGroup;
			children = (
				A3245A902ACC6D490062A171 /* Models */,
				A3245A8F2ACC6D420062A171 /* Views */,
				A3245A8E2ACC6D310062A171 /* ViewModels */,
				A3245A9B2ACC91150062A171 /* Components */,
			);
			path = Onboarding;
			sourceTree = "<group>";
		};
		A3245A8E2ACC6D310062A171 /* ViewModels */ = {
			isa = PBXGroup;
			children = (
				A3245A932ACC6DD20062A171 /* OnboardingViewModel.swift */,
			);
			path = ViewModels;
			sourceTree = "<group>";
		};
		A3245A8F2ACC6D420062A171 /* Views */ = {
			isa = PBXGroup;
			children = (
				A3245A912ACC6D700062A171 /* OnboardingView.swift */,
				A3245A972ACC6F480062A171 /* OnboardingPageView.swift */,
			);
			path = Views;
			sourceTree = "<group>";
		};
		A3245A902ACC6D490062A171 /* Models */ = {
			isa = PBXGroup;
			children = (
				A3245A952ACC6DDE0062A171 /* OnboardingPage.swift */,
			);
			path = Models;
			sourceTree = "<group>";
		};
		A3245A9B2ACC91150062A171 /* Components */ = {
			isa = PBXGroup;
			children = (
				A3245A9E2ACC92BA0062A171 /* OnboardingCloseButton.swift */,
				A3245AA02ACC936B0062A171 /* OnboardingTabView.swift */,
				A3245A9C2ACC91F50062A171 /* OnboardingIndex.swift */,
				A3245AA22ACC93D70062A171 /* OnboardingButton.swift */,
			);
			path = Components;
			sourceTree = "<group>";
		};
		A327F7E32ACBFABE00E59355 /* Extensions */ = {
			isa = PBXGroup;
			children = (
				A327F7E42ACBFADF00E59355 /* Double.swift */,
				A327F7E62ACBFB0900E59355 /* String.swift */,
			);
			path = Extensions;
			sourceTree = "<group>";
		};
		A327F7E82ACBFB4B00E59355 /* Components */ = {
			isa = PBXGroup;
			children = (
				A327F7F12ACC08AC00E59355 /* SurebetPicker.swift */,
				A327F7F32ACC093E00E59355 /* SurebetGeneralOutcome.swift */,
				A327F7F72ACC0B8E00E59355 /* SurebetOutcomes.swift */,
				A327F7F52ACC099700E59355 /* SurebetToggle.swift */,
				A327F7EF2ACC071500E59355 /* SurebetText.swift */,
				A327F7E92ACBFB7100E59355 /* SurebetTextFieldStyle.swift */,
				A327F7F92ACC0DF100E59355 /* Buttons */,
			);
			path = Components;
			sourceTree = "<group>";
		};
		A327F7F92ACC0DF100E59355 /* Buttons */ = {
			isa = PBXGroup;
			children = (
				A327F7FA2ACC0E1100E59355 /* NavigationClearButton.swift */,
				A327F7FE2ACC0EEE00E59355 /* KeyboardClearButton.swift */,
				A327F7FC2ACC0E6D00E59355 /* KeyboardDoneButton.swift */,
			);
			path = Buttons;
			sourceTree = "<group>";
		};
		A327F8012ACC12C600E59355 /* SurebetCalculator */ = {
			isa = PBXGroup;
			children = (
				A3D1E1202AC6FB060054D846 /* Models */,
				A39911582ACADF570010A0AC /* Views */,
				A39911592ACADF610010A0AC /* ViewModels */,
				A327F7E82ACBFB4B00E59355 /* Components */,
				A327F7E32ACBFABE00E59355 /* Extensions */,
			);
			path = SurebetCalculator;
			sourceTree = "<group>";
		};
		A39911582ACADF570010A0AC /* Views */ = {
			isa = PBXGroup;
			children = (
				C4620671297BFAC900E70051 /* SurebetCalculatorView.swift */,
			);
			path = Views;
			sourceTree = "<group>";
		};
		A39911592ACADF610010A0AC /* ViewModels */ = {
			isa = PBXGroup;
			children = (
				A399115A2ACADF980010A0AC /* SurebetCalculatorViewModel.swift */,
			);
			path = ViewModels;
			sourceTree = "<group>";
		};
		A3D1E1202AC6FB060054D846 /* Models */ = {
			isa = PBXGroup;
			children = (
				A31D21692AC54FC7005FCF5C /* Outcome.swift */,
				A3D1E1212AC6FB940054D846 /* GeneralOutcome.swift */,
			);
			path = Models;
			sourceTree = "<group>";
		};
		C4620663297BFAC900E70051 = {
			isa = PBXGroup;
			children = (
				C462066E297BFAC900E70051 /* SurebetCalculator */,
				C462066D297BFAC900E70051 /* Products */,
			);
			sourceTree = "<group>";
		};
		C462066D297BFAC900E70051 /* Products */ = {
			isa = PBXGroup;
			children = (
				C462066C297BFAC900E70051 /* SurebetCalculator.app */,
			);
			name = Products;
			sourceTree = "<group>";
		};
		C462066E297BFAC900E70051 /* SurebetCalculator */ = {
			isa = PBXGroup;
			children = (
				C462066F297BFAC900E70051 /* SurebetCalculatorApp.swift */,
				A3245A992ACC6FA70062A171 /* ContentView.swift */,
				A327F8012ACC12C600E59355 /* SurebetCalculator */,
				A3245A8D2ACC6D0A0062A171 /* Onboarding */,
				C4620673297BFACC00E70051 /* Assets.xcassets */,
				C4620675297BFACC00E70051 /* Preview Content */,
			);
			path = SurebetCalculator;
			sourceTree = "<group>";
		};
		C4620675297BFACC00E70051 /* Preview Content */ = {
			isa = PBXGroup;
			children = (
				C4620676297BFACC00E70051 /* Preview Assets.xcassets */,
			);
			path = "Preview Content";
			sourceTree = "<group>";
		};
/* End PBXGroup section */

/* Begin PBXNativeTarget section */
		C462066B297BFAC900E70051 /* SurebetCalculator */ = {
			isa = PBXNativeTarget;
			buildConfigurationList = C462067A297BFACC00E70051 /* Build configuration list for PBXNativeTarget "SurebetCalculator" */;
			buildPhases = (
				C4620668297BFAC900E70051 /* Sources */,
				C4620669297BFAC900E70051 /* Frameworks */,
				C462066A297BFAC900E70051 /* Resources */,
			);
			buildRules = (
			);
			dependencies = (
			);
			name = SurebetCalculator;
			packageProductDependencies = (
			);
			productName = "SureBet Calculator";
			productReference = C462066C297BFAC900E70051 /* SurebetCalculator.app */;
			productType = "com.apple.product-type.application";
		};
/* End PBXNativeTarget section */

/* Begin PBXProject section */
		C4620664297BFAC900E70051 /* Project object */ = {
			isa = PBXProject;
			attributes = {
				BuildIndependentTargetsInParallel = 1;
				LastSwiftUpdateCheck = 1420;
				LastUpgradeCheck = 1500;
				TargetAttributes = {
					C462066B297BFAC900E70051 = {
						CreatedOnToolsVersion = 14.2;
					};
				};
			};
			buildConfigurationList = C4620667297BFAC900E70051 /* Build configuration list for PBXProject "SurebetCalculator" */;
			compatibilityVersion = "Xcode 14.0";
			developmentRegion = en;
			hasScannedForEncodings = 0;
			knownRegions = (
				en,
				Base,
			);
			mainGroup = C4620663297BFAC900E70051;
			packageReferences = (
			);
			productRefGroup = C462066D297BFAC900E70051 /* Products */;
			projectDirPath = "";
			projectRoot = "";
			targets = (
				C462066B297BFAC900E70051 /* SurebetCalculator */,
			);
		};
/* End PBXProject section */

/* Begin PBXResourcesBuildPhase section */
		C462066A297BFAC900E70051 /* Resources */ = {
			isa = PBXResourcesBuildPhase;
			buildActionMask = 2147483647;
			files = (
				C4620677297BFACC00E70051 /* Preview Assets.xcassets in Resources */,
				C4620674297BFACC00E70051 /* Assets.xcassets in Resources */,
			);
			runOnlyForDeploymentPostprocessing = 0;
		};
/* End PBXResourcesBuildPhase section */

/* Begin PBXSourcesBuildPhase section */
		C4620668297BFAC900E70051 /* Sources */ = {
			isa = PBXSourcesBuildPhase;
			buildActionMask = 2147483647;
			files = (
				A327F7F62ACC099700E59355 /* SurebetToggle.swift in Sources */,
				A327F7F82ACC0B8E00E59355 /* SurebetOutcomes.swift in Sources */,
				A3245A9A2ACC6FA70062A171 /* ContentView.swift in Sources */,
				A3245A962ACC6DDE0062A171 /* OnboardingPage.swift in Sources */,
				A31D216A2AC54FC7005FCF5C /* Outcome.swift in Sources */,
				A327F7EA2ACBFB7100E59355 /* SurebetTextFieldStyle.swift in Sources */,
				A327F7F42ACC093E00E59355 /* SurebetGeneralOutcome.swift in Sources */,
				A3245AA12ACC936B0062A171 /* OnboardingTabView.swift in Sources */,
				C4620672297BFAC900E70051 /* SurebetCalculatorView.swift in Sources */,
				A327F7FD2ACC0E6D00E59355 /* KeyboardDoneButton.swift in Sources */,
				A399115B2ACADF980010A0AC /* SurebetCalculatorViewModel.swift in Sources */,
				A3D1E1222AC6FB940054D846 /* GeneralOutcome.swift in Sources */,
				A3245A982ACC6F480062A171 /* OnboardingPageView.swift in Sources */,
				A327F7F22ACC08AC00E59355 /* SurebetPicker.swift in Sources */,
				A3245A9D2ACC91F50062A171 /* OnboardingIndex.swift in Sources */,
				C4620670297BFAC900E70051 /* SurebetCalculatorApp.swift in Sources */,
				A3245A922ACC6D700062A171 /* OnboardingView.swift in Sources */,
				A327F7FB2ACC0E1100E59355 /* NavigationClearButton.swift in Sources */,
				A3245A942ACC6DD20062A171 /* OnboardingViewModel.swift in Sources */,
				A327F7F02ACC071500E59355 /* SurebetText.swift in Sources */,
				A3245AA32ACC93D70062A171 /* OnboardingButton.swift in Sources */,
				A3245A9F2ACC92BA0062A171 /* OnboardingCloseButton.swift in Sources */,
				A327F7E72ACBFB0900E59355 /* String.swift in Sources */,
				A327F7FF2ACC0EEE00E59355 /* KeyboardClearButton.swift in Sources */,
				A327F7E52ACBFADF00E59355 /* Double.swift in Sources */,
			);
			runOnlyForDeploymentPostprocessing = 0;
		};
/* End PBXSourcesBuildPhase section */

/* Begin XCBuildConfiguration section */
		C4620678297BFACC00E70051 /* Debug */ = {
			isa = XCBuildConfiguration;
			buildSettings = {
				ALWAYS_SEARCH_USER_PATHS = NO;
				CLANG_ANALYZER_NONNULL = YES;
				CLANG_ANALYZER_NUMBER_OBJECT_CONVERSION = YES_AGGRESSIVE;
				CLANG_CXX_LANGUAGE_STANDARD = "gnu++20";
				CLANG_ENABLE_MODULES = YES;
				CLANG_ENABLE_OBJC_ARC = YES;
				CLANG_ENABLE_OBJC_WEAK = YES;
				CLANG_WARN_BLOCK_CAPTURE_AUTORELEASING = YES;
				CLANG_WARN_BOOL_CONVERSION = YES;
				CLANG_WARN_COMMA = YES;
				CLANG_WARN_CONSTANT_CONVERSION = YES;
				CLANG_WARN_DEPRECATED_OBJC_IMPLEMENTATIONS = YES;
				CLANG_WARN_DIRECT_OBJC_ISA_USAGE = YES_ERROR;
				CLANG_WARN_DOCUMENTATION_COMMENTS = YES;
				CLANG_WARN_EMPTY_BODY = YES;
				CLANG_WARN_ENUM_CONVERSION = YES;
				CLANG_WARN_INFINITE_RECURSION = YES;
				CLANG_WARN_INT_CONVERSION = YES;
				CLANG_WARN_NON_LITERAL_NULL_CONVERSION = YES;
				CLANG_WARN_OBJC_IMPLICIT_RETAIN_SELF = YES;
				CLANG_WARN_OBJC_LITERAL_CONVERSION = YES;
				CLANG_WARN_OBJC_ROOT_CLASS = YES_ERROR;
				CLANG_WARN_QUOTED_INCLUDE_IN_FRAMEWORK_HEADER = YES;
				CLANG_WARN_RANGE_LOOP_ANALYSIS = YES;
				CLANG_WARN_STRICT_PROTOTYPES = YES;
				CLANG_WARN_SUSPICIOUS_MOVE = YES;
				CLANG_WARN_UNGUARDED_AVAILABILITY = YES_AGGRESSIVE;
				CLANG_WARN_UNREACHABLE_CODE = YES;
				CLANG_WARN__DUPLICATE_METHOD_MATCH = YES;
				COPY_PHASE_STRIP = NO;
				DEBUG_INFORMATION_FORMAT = dwarf;
				ENABLE_STRICT_OBJC_MSGSEND = YES;
				ENABLE_TESTABILITY = YES;
				ENABLE_USER_SCRIPT_SANDBOXING = YES;
				GCC_C_LANGUAGE_STANDARD = gnu11;
				GCC_DYNAMIC_NO_PIC = NO;
				GCC_NO_COMMON_BLOCKS = YES;
				GCC_OPTIMIZATION_LEVEL = 0;
				GCC_PREPROCESSOR_DEFINITIONS = (
					"DEBUG=1",
					"$(inherited)",
				);
				GCC_WARN_64_TO_32_BIT_CONVERSION = YES;
				GCC_WARN_ABOUT_RETURN_TYPE = YES_ERROR;
				GCC_WARN_UNDECLARED_SELECTOR = YES;
				GCC_WARN_UNINITIALIZED_AUTOS = YES_AGGRESSIVE;
				GCC_WARN_UNUSED_FUNCTION = YES;
				GCC_WARN_UNUSED_VARIABLE = YES;
				IPHONEOS_DEPLOYMENT_TARGET = 15.0;
				MTL_ENABLE_DEBUG_INFO = INCLUDE_SOURCE;
				MTL_FAST_MATH = YES;
				ONLY_ACTIVE_ARCH = YES;
				SDKROOT = iphoneos;
				SWIFT_ACTIVE_COMPILATION_CONDITIONS = DEBUG;
				SWIFT_OPTIMIZATION_LEVEL = "-Onone";
			};
			name = Debug;
		};
		C4620679297BFACC00E70051 /* Release */ = {
			isa = XCBuildConfiguration;
			buildSettings = {
				ALWAYS_SEARCH_USER_PATHS = NO;
				CLANG_ANALYZER_NONNULL = YES;
				CLANG_ANALYZER_NUMBER_OBJECT_CONVERSION = YES_AGGRESSIVE;
				CLANG_CXX_LANGUAGE_STANDARD = "gnu++20";
				CLANG_ENABLE_MODULES = YES;
				CLANG_ENABLE_OBJC_ARC = YES;
				CLANG_ENABLE_OBJC_WEAK = YES;
				CLANG_WARN_BLOCK_CAPTURE_AUTORELEASING = YES;
				CLANG_WARN_BOOL_CONVERSION = YES;
				CLANG_WARN_COMMA = YES;
				CLANG_WARN_CONSTANT_CONVERSION = YES;
				CLANG_WARN_DEPRECATED_OBJC_IMPLEMENTATIONS = YES;
				CLANG_WARN_DIRECT_OBJC_ISA_USAGE = YES_ERROR;
				CLANG_WARN_DOCUMENTATION_COMMENTS = YES;
				CLANG_WARN_EMPTY_BODY = YES;
				CLANG_WARN_ENUM_CONVERSION = YES;
				CLANG_WARN_INFINITE_RECURSION = YES;
				CLANG_WARN_INT_CONVERSION = YES;
				CLANG_WARN_NON_LITERAL_NULL_CONVERSION = YES;
				CLANG_WARN_OBJC_IMPLICIT_RETAIN_SELF = YES;
				CLANG_WARN_OBJC_LITERAL_CONVERSION = YES;
				CLANG_WARN_OBJC_ROOT_CLASS = YES_ERROR;
				CLANG_WARN_QUOTED_INCLUDE_IN_FRAMEWORK_HEADER = YES;
				CLANG_WARN_RANGE_LOOP_ANALYSIS = YES;
				CLANG_WARN_STRICT_PROTOTYPES = YES;
				CLANG_WARN_SUSPICIOUS_MOVE = YES;
				CLANG_WARN_UNGUARDED_AVAILABILITY = YES_AGGRESSIVE;
				CLANG_WARN_UNREACHABLE_CODE = YES;
				CLANG_WARN__DUPLICATE_METHOD_MATCH = YES;
				COPY_PHASE_STRIP = NO;
				DEBUG_INFORMATION_FORMAT = "dwarf-with-dsym";
				ENABLE_NS_ASSERTIONS = NO;
				ENABLE_STRICT_OBJC_MSGSEND = YES;
				ENABLE_USER_SCRIPT_SANDBOXING = YES;
				GCC_C_LANGUAGE_STANDARD = gnu11;
				GCC_NO_COMMON_BLOCKS = YES;
				GCC_WARN_64_TO_32_BIT_CONVERSION = YES;
				GCC_WARN_ABOUT_RETURN_TYPE = YES_ERROR;
				GCC_WARN_UNDECLARED_SELECTOR = YES;
				GCC_WARN_UNINITIALIZED_AUTOS = YES_AGGRESSIVE;
				GCC_WARN_UNUSED_FUNCTION = YES;
				GCC_WARN_UNUSED_VARIABLE = YES;
				IPHONEOS_DEPLOYMENT_TARGET = 15.0;
				MTL_ENABLE_DEBUG_INFO = NO;
				MTL_FAST_MATH = YES;
				SDKROOT = iphoneos;
				SWIFT_COMPILATION_MODE = wholemodule;
				SWIFT_OPTIMIZATION_LEVEL = "-O";
				VALIDATE_PRODUCT = YES;
			};
			name = Release;
		};
		C462067B297BFACC00E70051 /* Debug */ = {
			isa = XCBuildConfiguration;
			buildSettings = {
				ASSETCATALOG_COMPILER_APPICON_NAME = AppIcon;
				ASSETCATALOG_COMPILER_GLOBAL_ACCENT_COLOR_NAME = AccentColor;
				CODE_SIGN_STYLE = Automatic;
				CURRENT_PROJECT_VERSION = 1;
				DEVELOPMENT_ASSET_PATHS = "\"SurebetCalculator/Preview Content\"";
				DEVELOPMENT_TEAM = 848LVZR9JB;
				ENABLE_PREVIEWS = YES;
				GENERATE_INFOPLIST_FILE = YES;
				INFOPLIST_KEY_CFBundleDisplayName = "Surebet Calculator";
				INFOPLIST_KEY_LSApplicationCategoryType = "public.app-category.finance";
				INFOPLIST_KEY_UIApplicationSceneManifest_Generation = YES;
				INFOPLIST_KEY_UIApplicationSupportsIndirectInputEvents = YES;
				INFOPLIST_KEY_UILaunchScreen_Generation = YES;
				INFOPLIST_KEY_UIStatusBarStyle = "";
				INFOPLIST_KEY_UISupportedInterfaceOrientations = UIInterfaceOrientationPortrait;
				INFOPLIST_KEY_UISupportedInterfaceOrientations_iPad = "UIInterfaceOrientationLandscapeLeft UIInterfaceOrientationLandscapeRight UIInterfaceOrientationPortrait UIInterfaceOrientationPortraitUpsideDown";
				IPHONEOS_DEPLOYMENT_TARGET = 16.0;
				LD_RUNPATH_SEARCH_PATHS = (
					"$(inherited)",
					"@executable_path/Frameworks",
				);
				MARKETING_VERSION = 1.1.1;
				PRODUCT_BUNDLE_IDENTIFIER = "Iaroslav-Beldin.SureBet-Profit-Calculator";
				PRODUCT_NAME = "$(TARGET_NAME)";
				SUPPORTED_PLATFORMS = "iphoneos iphonesimulator";
				SUPPORTS_MACCATALYST = NO;
				SUPPORTS_MAC_DESIGNED_FOR_IPHONE_IPAD = NO;
				SWIFT_EMIT_LOC_STRINGS = YES;
				SWIFT_VERSION = 5.0;
				TARGETED_DEVICE_FAMILY = "1,2";
			};
			name = Debug;
		};
		C462067C297BFACC00E70051 /* Release */ = {
			isa = XCBuildConfiguration;
			buildSettings = {
				ASSETCATALOG_COMPILER_APPICON_NAME = AppIcon;
				ASSETCATALOG_COMPILER_GLOBAL_ACCENT_COLOR_NAME = AccentColor;
				CODE_SIGN_STYLE = Automatic;
				CURRENT_PROJECT_VERSION = 1;
				DEVELOPMENT_ASSET_PATHS = "\"SurebetCalculator/Preview Content\"";
				DEVELOPMENT_TEAM = 848LVZR9JB;
				ENABLE_PREVIEWS = YES;
				GENERATE_INFOPLIST_FILE = YES;
				INFOPLIST_KEY_CFBundleDisplayName = "Surebet Calculator";
				INFOPLIST_KEY_LSApplicationCategoryType = "public.app-category.finance";
				INFOPLIST_KEY_UIApplicationSceneManifest_Generation = YES;
				INFOPLIST_KEY_UIApplicationSupportsIndirectInputEvents = YES;
				INFOPLIST_KEY_UILaunchScreen_Generation = YES;
				INFOPLIST_KEY_UIStatusBarStyle = "";
				INFOPLIST_KEY_UISupportedInterfaceOrientations = UIInterfaceOrientationPortrait;
				INFOPLIST_KEY_UISupportedInterfaceOrientations_iPad = "UIInterfaceOrientationLandscapeLeft UIInterfaceOrientationLandscapeRight UIInterfaceOrientationPortrait UIInterfaceOrientationPortraitUpsideDown";
				IPHONEOS_DEPLOYMENT_TARGET = 16.0;
				LD_RUNPATH_SEARCH_PATHS = (
					"$(inherited)",
					"@executable_path/Frameworks",
				);
				MARKETING_VERSION = 1.1.1;
				PRODUCT_BUNDLE_IDENTIFIER = "Iaroslav-Beldin.SureBet-Profit-Calculator";
				PRODUCT_NAME = "$(TARGET_NAME)";
				SUPPORTED_PLATFORMS = "iphoneos iphonesimulator";
				SUPPORTS_MACCATALYST = NO;
				SUPPORTS_MAC_DESIGNED_FOR_IPHONE_IPAD = NO;
				SWIFT_EMIT_LOC_STRINGS = YES;
				SWIFT_VERSION = 5.0;
				TARGETED_DEVICE_FAMILY = "1,2";
			};
			name = Release;
		};
/* End XCBuildConfiguration section */

/* Begin XCConfigurationList section */
		C4620667297BFAC900E70051 /* Build configuration list for PBXProject "SurebetCalculator" */ = {
			isa = XCConfigurationList;
			buildConfigurations = (
				C4620678297BFACC00E70051 /* Debug */,
				C4620679297BFACC00E70051 /* Release */,
			);
			defaultConfigurationIsVisible = 0;
			defaultConfigurationName = Release;
		};
		C462067A297BFACC00E70051 /* Build configuration list for PBXNativeTarget "SurebetCalculator" */ = {
			isa = XCConfigurationList;
			buildConfigurations = (
				C462067B297BFACC00E70051 /* Debug */,
				C462067C297BFACC00E70051 /* Release */,
			);
			defaultConfigurationIsVisible = 0;
			defaultConfigurationName = Release;
		};
/* End XCConfigurationList section */
	};
	rootObject = C4620664297BFAC900E70051 /* Project object */;
}
