// !$*UTF8*$!
{
	archiveVersion = 1;
	classes = {
	};
	objectVersion = 56;
	objects = {

/* Begin PBXBuildFile section */
		A31C82212BBC9F0700556855 /* TotalRow.swift in Sources */ = {isa = PBXBuildFile; fileRef = A31C82202BBC9F0700556855 /* TotalRow.swift */; };
		A31C82232BBC9F3000556855 /* Row.swift in Sources */ = {isa = PBXBuildFile; fileRef = A31C82222BBC9F3000556855 /* Row.swift */; };
		A31C82252BBC9F4900556855 /* RowType.swift in Sources */ = {isa = PBXBuildFile; fileRef = A31C82242BBC9F4900556855 /* RowType.swift */; };
		A31C82272BBC9F5400556855 /* NumberOfRows.swift in Sources */ = {isa = PBXBuildFile; fileRef = A31C82262BBC9F5400556855 /* NumberOfRows.swift */; };
		A31C82292BBC9F6600556855 /* CalculationMethod.swift in Sources */ = {isa = PBXBuildFile; fileRef = A31C82282BBC9F6600556855 /* CalculationMethod.swift */; };
		A31C822B2BBC9F7600556855 /* FocusableField.swift in Sources */ = {isa = PBXBuildFile; fileRef = A31C822A2BBC9F7600556855 /* FocusableField.swift */; };
		A31C822D2BBC9F9A00556855 /* SurebetCalculatorView.swift in Sources */ = {isa = PBXBuildFile; fileRef = A31C822C2BBC9F9A00556855 /* SurebetCalculatorView.swift */; };
		A31C822F2BBC9FB000556855 /* PickerView.swift in Sources */ = {isa = PBXBuildFile; fileRef = A31C822E2BBC9FB000556855 /* PickerView.swift */; };
		A31C82312BBC9FE100556855 /* SurebetCalculatorViewModel.swift in Sources */ = {isa = PBXBuildFile; fileRef = A31C82302BBC9FE100556855 /* SurebetCalculatorViewModel.swift */; };
		A31C82332BBC9FF500556855 /* TotalRowView.swift in Sources */ = {isa = PBXBuildFile; fileRef = A31C82322BBC9FF500556855 /* TotalRowView.swift */; };
		A31C82352BBCA01600556855 /* RowView.swift in Sources */ = {isa = PBXBuildFile; fileRef = A31C82342BBCA01600556855 /* RowView.swift */; };
		A31C82372BBCA02900556855 /* TextView.swift in Sources */ = {isa = PBXBuildFile; fileRef = A31C82362BBCA02900556855 /* TextView.swift */; };
		A31C823B2BBCA08600556855 /* ToggleButton.swift in Sources */ = {isa = PBXBuildFile; fileRef = A31C823A2BBCA08600556855 /* ToggleButton.swift */; };
		A31C823D2BBCA09A00556855 /* KeyboardDoneButton.swift in Sources */ = {isa = PBXBuildFile; fileRef = A31C823C2BBCA09A00556855 /* KeyboardDoneButton.swift */; };
		A31C823F2BBCA0B100556855 /* NavigationClearButton.swift in Sources */ = {isa = PBXBuildFile; fileRef = A31C823E2BBCA0B100556855 /* NavigationClearButton.swift */; };
		A31C82422BBCA0D800556855 /* CalculatorTextFieldStyle.swift in Sources */ = {isa = PBXBuildFile; fileRef = A31C82412BBCA0D800556855 /* CalculatorTextFieldStyle.swift */; };
		A31C82452BBCA12B00556855 /* String.swift in Sources */ = {isa = PBXBuildFile; fileRef = A31C82442BBCA12B00556855 /* String.swift */; };
		A31C82472BBCA13D00556855 /* Double.swift in Sources */ = {isa = PBXBuildFile; fileRef = A31C82462BBCA13D00556855 /* Double.swift */; };
		A3245A922ACC6D700062A171 /* OnboardingView.swift in Sources */ = {isa = PBXBuildFile; fileRef = A3245A912ACC6D700062A171 /* OnboardingView.swift */; };
		A3245A942ACC6DD20062A171 /* OnboardingViewModel.swift in Sources */ = {isa = PBXBuildFile; fileRef = A3245A932ACC6DD20062A171 /* OnboardingViewModel.swift */; };
		A3245A962ACC6DDE0062A171 /* OnboardingPage.swift in Sources */ = {isa = PBXBuildFile; fileRef = A3245A952ACC6DDE0062A171 /* OnboardingPage.swift */; };
		A3245A982ACC6F480062A171 /* OnboardingPageView.swift in Sources */ = {isa = PBXBuildFile; fileRef = A3245A972ACC6F480062A171 /* OnboardingPageView.swift */; };
		A3245A9A2ACC6FA70062A171 /* ContentView.swift in Sources */ = {isa = PBXBuildFile; fileRef = A3245A992ACC6FA70062A171 /* ContentView.swift */; };
		A3245A9D2ACC91F50062A171 /* OnboardingIndex.swift in Sources */ = {isa = PBXBuildFile; fileRef = A3245A9C2ACC91F50062A171 /* OnboardingIndex.swift */; };
		A3245A9F2ACC92BA0062A171 /* OnboardingCloseButton.swift in Sources */ = {isa = PBXBuildFile; fileRef = A3245A9E2ACC92BA0062A171 /* OnboardingCloseButton.swift */; };
		A3245AA12ACC936B0062A171 /* OnboardingTabView.swift in Sources */ = {isa = PBXBuildFile; fileRef = A3245AA02ACC936B0062A171 /* OnboardingTabView.swift */; };
		A3245AA32ACC93D70062A171 /* OnboardingButton.swift in Sources */ = {isa = PBXBuildFile; fileRef = A3245AA22ACC93D70062A171 /* OnboardingButton.swift */; };
		A32D5BD42BD17CF100200A2B /* OnboardingViewModelTests.swift in Sources */ = {isa = PBXBuildFile; fileRef = A32D5BD32BD17CF100200A2B /* OnboardingViewModelTests.swift */; };
		A346DD812BC5E41000763539 /* SurebetCalculatorViewModelTests.swift in Sources */ = {isa = PBXBuildFile; fileRef = A346DD802BC5E41000763539 /* SurebetCalculatorViewModelTests.swift */; };
		A391C9232BCC334900D50977 /* AppMetricaAdSupport in Frameworks */ = {isa = PBXBuildFile; productRef = A391C9222BCC334900D50977 /* AppMetricaAdSupport */; };
		A391C9252BCC334900D50977 /* AppMetricaCore in Frameworks */ = {isa = PBXBuildFile; productRef = A391C9242BCC334900D50977 /* AppMetricaCore */; };
		A391C9272BCC334900D50977 /* AppMetricaCrashes in Frameworks */ = {isa = PBXBuildFile; productRef = A391C9262BCC334900D50977 /* AppMetricaCrashes */; };
		A3D472212BBDC05D00B8E0EA /* KeyboardClearButton.swift in Sources */ = {isa = PBXBuildFile; fileRef = A3D472202BBDC05D00B8E0EA /* KeyboardClearButton.swift */; };
		A3E5F6302BD1A01100C96546 /* ReviewHandler.swift in Sources */ = {isa = PBXBuildFile; fileRef = A3E5F62F2BD1A01100C96546 /* ReviewHandler.swift */; };
		A3F4186A2C0AC96C0097F28C /* BetCalculator.swift in Sources */ = {isa = PBXBuildFile; fileRef = A3F418692C0AC96C0097F28C /* BetCalculator.swift */; };
		A3F4186E2C0AE6F10097F28C /* BetCalculatorTests.swift in Sources */ = {isa = PBXBuildFile; fileRef = A3F4186D2C0AE6F10097F28C /* BetCalculatorTests.swift */; };
		A3F54AEF2BBDE56600F12D95 /* TextFieldView.swift in Sources */ = {isa = PBXBuildFile; fileRef = A3F54AEE2BBDE56600F12D95 /* TextFieldView.swift */; };
		C4620670297BFAC900E70051 /* SurebetCalculatorApp.swift in Sources */ = {isa = PBXBuildFile; fileRef = C462066F297BFAC900E70051 /* SurebetCalculatorApp.swift */; };
		C4620674297BFACC00E70051 /* Assets.xcassets in Resources */ = {isa = PBXBuildFile; fileRef = C4620673297BFACC00E70051 /* Assets.xcassets */; };
		C4620677297BFACC00E70051 /* Preview Assets.xcassets in Resources */ = {isa = PBXBuildFile; fileRef = C4620676297BFACC00E70051 /* Preview Assets.xcassets */; };
/* End PBXBuildFile section */

/* Begin PBXContainerItemProxy section */
		A346DD792BC5E38100763539 /* PBXContainerItemProxy */ = {
			isa = PBXContainerItemProxy;
			containerPortal = C4620664297BFAC900E70051 /* Project object */;
			proxyType = 1;
			remoteGlobalIDString = C462066B297BFAC900E70051;
			remoteInfo = "SureBet Profit Calculator";
		};
/* End PBXContainerItemProxy section */

/* Begin PBXFileReference section */
		A31C82202BBC9F0700556855 /* TotalRow.swift */ = {isa = PBXFileReference; lastKnownFileType = sourcecode.swift; path = TotalRow.swift; sourceTree = "<group>"; };
		A31C82222BBC9F3000556855 /* Row.swift */ = {isa = PBXFileReference; lastKnownFileType = sourcecode.swift; path = Row.swift; sourceTree = "<group>"; };
		A31C82242BBC9F4900556855 /* RowType.swift */ = {isa = PBXFileReference; lastKnownFileType = sourcecode.swift; path = RowType.swift; sourceTree = "<group>"; };
		A31C82262BBC9F5400556855 /* NumberOfRows.swift */ = {isa = PBXFileReference; lastKnownFileType = sourcecode.swift; path = NumberOfRows.swift; sourceTree = "<group>"; };
		A31C82282BBC9F6600556855 /* CalculationMethod.swift */ = {isa = PBXFileReference; lastKnownFileType = sourcecode.swift; path = CalculationMethod.swift; sourceTree = "<group>"; };
		A31C822A2BBC9F7600556855 /* FocusableField.swift */ = {isa = PBXFileReference; lastKnownFileType = sourcecode.swift; path = FocusableField.swift; sourceTree = "<group>"; };
		A31C822C2BBC9F9A00556855 /* SurebetCalculatorView.swift */ = {isa = PBXFileReference; lastKnownFileType = sourcecode.swift; path = SurebetCalculatorView.swift; sourceTree = "<group>"; };
		A31C822E2BBC9FB000556855 /* PickerView.swift */ = {isa = PBXFileReference; lastKnownFileType = sourcecode.swift; path = PickerView.swift; sourceTree = "<group>"; };
		A31C82302BBC9FE100556855 /* SurebetCalculatorViewModel.swift */ = {isa = PBXFileReference; lastKnownFileType = sourcecode.swift; path = SurebetCalculatorViewModel.swift; sourceTree = "<group>"; };
		A31C82322BBC9FF500556855 /* TotalRowView.swift */ = {isa = PBXFileReference; lastKnownFileType = sourcecode.swift; path = TotalRowView.swift; sourceTree = "<group>"; };
		A31C82342BBCA01600556855 /* RowView.swift */ = {isa = PBXFileReference; lastKnownFileType = sourcecode.swift; path = RowView.swift; sourceTree = "<group>"; };
		A31C82362BBCA02900556855 /* TextView.swift */ = {isa = PBXFileReference; lastKnownFileType = sourcecode.swift; path = TextView.swift; sourceTree = "<group>"; };
		A31C823A2BBCA08600556855 /* ToggleButton.swift */ = {isa = PBXFileReference; lastKnownFileType = sourcecode.swift; path = ToggleButton.swift; sourceTree = "<group>"; };
		A31C823C2BBCA09A00556855 /* KeyboardDoneButton.swift */ = {isa = PBXFileReference; lastKnownFileType = sourcecode.swift; path = KeyboardDoneButton.swift; sourceTree = "<group>"; };
		A31C823E2BBCA0B100556855 /* NavigationClearButton.swift */ = {isa = PBXFileReference; lastKnownFileType = sourcecode.swift; path = NavigationClearButton.swift; sourceTree = "<group>"; };
		A31C82412BBCA0D800556855 /* CalculatorTextFieldStyle.swift */ = {isa = PBXFileReference; lastKnownFileType = sourcecode.swift; path = CalculatorTextFieldStyle.swift; sourceTree = "<group>"; };
		A31C82442BBCA12B00556855 /* String.swift */ = {isa = PBXFileReference; lastKnownFileType = sourcecode.swift; path = String.swift; sourceTree = "<group>"; };
		A31C82462BBCA13D00556855 /* Double.swift */ = {isa = PBXFileReference; lastKnownFileType = sourcecode.swift; path = Double.swift; sourceTree = "<group>"; };
		A3245A912ACC6D700062A171 /* OnboardingView.swift */ = {isa = PBXFileReference; lastKnownFileType = sourcecode.swift; path = OnboardingView.swift; sourceTree = "<group>"; };
		A3245A932ACC6DD20062A171 /* OnboardingViewModel.swift */ = {isa = PBXFileReference; lastKnownFileType = sourcecode.swift; path = OnboardingViewModel.swift; sourceTree = "<group>"; };
		A3245A952ACC6DDE0062A171 /* OnboardingPage.swift */ = {isa = PBXFileReference; lastKnownFileType = sourcecode.swift; path = OnboardingPage.swift; sourceTree = "<group>"; };
		A3245A972ACC6F480062A171 /* OnboardingPageView.swift */ = {isa = PBXFileReference; lastKnownFileType = sourcecode.swift; path = OnboardingPageView.swift; sourceTree = "<group>"; };
		A3245A992ACC6FA70062A171 /* ContentView.swift */ = {isa = PBXFileReference; lastKnownFileType = sourcecode.swift; path = ContentView.swift; sourceTree = "<group>"; };
		A3245A9C2ACC91F50062A171 /* OnboardingIndex.swift */ = {isa = PBXFileReference; lastKnownFileType = sourcecode.swift; path = OnboardingIndex.swift; sourceTree = "<group>"; };
		A3245A9E2ACC92BA0062A171 /* OnboardingCloseButton.swift */ = {isa = PBXFileReference; lastKnownFileType = sourcecode.swift; path = OnboardingCloseButton.swift; sourceTree = "<group>"; };
		A3245AA02ACC936B0062A171 /* OnboardingTabView.swift */ = {isa = PBXFileReference; lastKnownFileType = sourcecode.swift; path = OnboardingTabView.swift; sourceTree = "<group>"; };
		A3245AA22ACC93D70062A171 /* OnboardingButton.swift */ = {isa = PBXFileReference; lastKnownFileType = sourcecode.swift; path = OnboardingButton.swift; sourceTree = "<group>"; };
		A32D5BD32BD17CF100200A2B /* OnboardingViewModelTests.swift */ = {isa = PBXFileReference; lastKnownFileType = sourcecode.swift; path = OnboardingViewModelTests.swift; sourceTree = "<group>"; };
		A346DD752BC5E38100763539 /* SureBetProfitCalculatorTests.xctest */ = {isa = PBXFileReference; explicitFileType = wrapper.cfbundle; includeInIndex = 0; path = SureBetProfitCalculatorTests.xctest; sourceTree = BUILT_PRODUCTS_DIR; };
		A346DD802BC5E41000763539 /* SurebetCalculatorViewModelTests.swift */ = {isa = PBXFileReference; lastKnownFileType = sourcecode.swift; path = SurebetCalculatorViewModelTests.swift; sourceTree = "<group>"; };
		A3D472202BBDC05D00B8E0EA /* KeyboardClearButton.swift */ = {isa = PBXFileReference; lastKnownFileType = sourcecode.swift; path = KeyboardClearButton.swift; sourceTree = "<group>"; };
		A3D9A7442BD1C709006B2F1A /* SureBet-Profit-Calculator-Info.plist */ = {isa = PBXFileReference; lastKnownFileType = text.plist; path = "SureBet-Profit-Calculator-Info.plist"; sourceTree = "<group>"; };
		A3E5F62F2BD1A01100C96546 /* ReviewHandler.swift */ = {isa = PBXFileReference; lastKnownFileType = sourcecode.swift; path = ReviewHandler.swift; sourceTree = "<group>"; };
		A3F418692C0AC96C0097F28C /* BetCalculator.swift */ = {isa = PBXFileReference; lastKnownFileType = sourcecode.swift; path = BetCalculator.swift; sourceTree = "<group>"; };
		A3F4186D2C0AE6F10097F28C /* BetCalculatorTests.swift */ = {isa = PBXFileReference; lastKnownFileType = sourcecode.swift; path = BetCalculatorTests.swift; sourceTree = "<group>"; };
		A3F54AEE2BBDE56600F12D95 /* TextFieldView.swift */ = {isa = PBXFileReference; lastKnownFileType = sourcecode.swift; path = TextFieldView.swift; sourceTree = "<group>"; };
		C462066C297BFAC900E70051 /* SureBet Profit Calculator.app */ = {isa = PBXFileReference; explicitFileType = wrapper.application; includeInIndex = 0; path = "SureBet Profit Calculator.app"; sourceTree = BUILT_PRODUCTS_DIR; };
		C462066F297BFAC900E70051 /* SurebetCalculatorApp.swift */ = {isa = PBXFileReference; lastKnownFileType = sourcecode.swift; path = SurebetCalculatorApp.swift; sourceTree = "<group>"; };
		C4620673297BFACC00E70051 /* Assets.xcassets */ = {isa = PBXFileReference; lastKnownFileType = folder.assetcatalog; path = Assets.xcassets; sourceTree = "<group>"; };
		C4620676297BFACC00E70051 /* Preview Assets.xcassets */ = {isa = PBXFileReference; lastKnownFileType = folder.assetcatalog; path = "Preview Assets.xcassets"; sourceTree = "<group>"; };
/* End PBXFileReference section */

/* Begin PBXFrameworksBuildPhase section */
		A346DD722BC5E38100763539 /* Frameworks */ = {
			isa = PBXFrameworksBuildPhase;
			buildActionMask = 2147483647;
			files = (
			);
			runOnlyForDeploymentPostprocessing = 0;
		};
		C4620669297BFAC900E70051 /* Frameworks */ = {
			isa = PBXFrameworksBuildPhase;
			buildActionMask = 2147483647;
			files = (
				A391C9272BCC334900D50977 /* AppMetricaCrashes in Frameworks */,
				A391C9232BCC334900D50977 /* AppMetricaAdSupport in Frameworks */,
				A391C9252BCC334900D50977 /* AppMetricaCore in Frameworks */,
			);
			runOnlyForDeploymentPostprocessing = 0;
		};
/* End PBXFrameworksBuildPhase section */

/* Begin PBXGroup section */
		A31C82392BBCA07000556855 /* Buttons */ = {
			isa = PBXGroup;
			children = (
				A31C823A2BBCA08600556855 /* ToggleButton.swift */,
				A3D472202BBDC05D00B8E0EA /* KeyboardClearButton.swift */,
				A31C823C2BBCA09A00556855 /* KeyboardDoneButton.swift */,
				A31C823E2BBCA0B100556855 /* NavigationClearButton.swift */,
			);
			path = Buttons;
			sourceTree = "<group>";
		};
		A31C82402BBCA0C300556855 /* Styles */ = {
			isa = PBXGroup;
			children = (
				A31C82412BBCA0D800556855 /* CalculatorTextFieldStyle.swift */,
			);
			path = Styles;
			sourceTree = "<group>";
		};
		A31C82432BBCA11300556855 /* Extensions */ = {
			isa = PBXGroup;
			children = (
				A31C82442BBCA12B00556855 /* String.swift */,
				A31C82462BBCA13D00556855 /* Double.swift */,
			);
			path = Extensions;
			sourceTree = "<group>";
		};
		A3245A8D2ACC6D0A0062A171 /* Onboarding */ = {
			isa = PBXGroup;
			children = (
				A3245A902ACC6D490062A171 /* Models */,
				A3245A8F2ACC6D420062A171 /* Views */,
				A3245A8E2ACC6D310062A171 /* ViewModels */,
			);
			path = Onboarding;
			sourceTree = "<group>";
		};
		A3245A8E2ACC6D310062A171 /* ViewModels */ = {
			isa = PBXGroup;
			children = (
				A3245A932ACC6DD20062A171 /* OnboardingViewModel.swift */,
			);
			path = ViewModels;
			sourceTree = "<group>";
		};
		A3245A8F2ACC6D420062A171 /* Views */ = {
			isa = PBXGroup;
			children = (
				A3245A912ACC6D700062A171 /* OnboardingView.swift */,
				A3245A9E2ACC92BA0062A171 /* OnboardingCloseButton.swift */,
				A3245AA02ACC936B0062A171 /* OnboardingTabView.swift */,
				A3245A972ACC6F480062A171 /* OnboardingPageView.swift */,
				A3245A9C2ACC91F50062A171 /* OnboardingIndex.swift */,
				A3245AA22ACC93D70062A171 /* OnboardingButton.swift */,
			);
			path = Views;
			sourceTree = "<group>";
		};
		A3245A902ACC6D490062A171 /* Models */ = {
			isa = PBXGroup;
			children = (
				A3245A952ACC6DDE0062A171 /* OnboardingPage.swift */,
			);
			path = Models;
			sourceTree = "<group>";
		};
		A327F8012ACC12C600E59355 /* SurebetCalculator */ = {
			isa = PBXGroup;
			children = (
				A3F418682C0AC95E0097F28C /* BetCalculator */,
				A3D1E1202AC6FB060054D846 /* Models */,
				A39911582ACADF570010A0AC /* Views */,
				A39911592ACADF610010A0AC /* ViewModels */,
			);
			path = SurebetCalculator;
			sourceTree = "<group>";
		};
		A32D5BD22BD17CD300200A2B /* OnboardingTests */ = {
			isa = PBXGroup;
			children = (
				A32D5BD32BD17CF100200A2B /* OnboardingViewModelTests.swift */,
			);
			path = OnboardingTests;
			sourceTree = "<group>";
		};
		A346DD762BC5E38100763539 /* SureBetProfitCalculatorTests */ = {
			isa = PBXGroup;
			children = (
				A32D5BD22BD17CD300200A2B /* OnboardingTests */,
				A346DD7E2BC5E3C100763539 /* SurebetCalculatorTests */,
			);
			path = SureBetProfitCalculatorTests;
			sourceTree = "<group>";
		};
		A346DD7E2BC5E3C100763539 /* SurebetCalculatorTests */ = {
			isa = PBXGroup;
			children = (
				A346DD802BC5E41000763539 /* SurebetCalculatorViewModelTests.swift */,
				A3F4186D2C0AE6F10097F28C /* BetCalculatorTests.swift */,
			);
			path = SurebetCalculatorTests;
			sourceTree = "<group>";
		};
		A39911582ACADF570010A0AC /* Views */ = {
			isa = PBXGroup;
			children = (
				A31C822C2BBC9F9A00556855 /* SurebetCalculatorView.swift */,
				A31C822E2BBC9FB000556855 /* PickerView.swift */,
				A31C82322BBC9FF500556855 /* TotalRowView.swift */,
				A31C82342BBCA01600556855 /* RowView.swift */,
				A31C82362BBCA02900556855 /* TextView.swift */,
				A3F54AEE2BBDE56600F12D95 /* TextFieldView.swift */,
				A31C82392BBCA07000556855 /* Buttons */,
			);
			path = Views;
			sourceTree = "<group>";
		};
		A39911592ACADF610010A0AC /* ViewModels */ = {
			isa = PBXGroup;
			children = (
				A31C82302BBC9FE100556855 /* SurebetCalculatorViewModel.swift */,
			);
			path = ViewModels;
			sourceTree = "<group>";
		};
		A3D1E1202AC6FB060054D846 /* Models */ = {
			isa = PBXGroup;
			children = (
				A31C82202BBC9F0700556855 /* TotalRow.swift */,
				A31C82222BBC9F3000556855 /* Row.swift */,
				A31C82242BBC9F4900556855 /* RowType.swift */,
				A31C82262BBC9F5400556855 /* NumberOfRows.swift */,
				A31C82282BBC9F6600556855 /* CalculationMethod.swift */,
				A31C822A2BBC9F7600556855 /* FocusableField.swift */,
			);
			path = Models;
			sourceTree = "<group>";
		};
		A3F418682C0AC95E0097F28C /* BetCalculator */ = {
			isa = PBXGroup;
			children = (
				A3F418692C0AC96C0097F28C /* BetCalculator.swift */,
			);
			path = BetCalculator;
			sourceTree = "<group>";
		};
		A3F418702C0AF15B0097F28C /* Frameworks */ = {
			isa = PBXGroup;
			children = (
			);
			name = Frameworks;
			sourceTree = "<group>";
		};
		C4620663297BFAC900E70051 = {
			isa = PBXGroup;
			children = (
				A3D9A7442BD1C709006B2F1A /* SureBet-Profit-Calculator-Info.plist */,
				C462066E297BFAC900E70051 /* SureBet Calculator */,
				A346DD762BC5E38100763539 /* SureBetProfitCalculatorTests */,
				C462066D297BFAC900E70051 /* Products */,
				A3F418702C0AF15B0097F28C /* Frameworks */,
			);
			sourceTree = "<group>";
		};
		C462066D297BFAC900E70051 /* Products */ = {
			isa = PBXGroup;
			children = (
				C462066C297BFAC900E70051 /* SureBet Profit Calculator.app */,
				A346DD752BC5E38100763539 /* SureBetProfitCalculatorTests.xctest */,
			);
			name = Products;
			sourceTree = "<group>";
		};
		C462066E297BFAC900E70051 /* SureBet Calculator */ = {
			isa = PBXGroup;
			children = (
				C462066F297BFAC900E70051 /* SurebetCalculatorApp.swift */,
				A3245A992ACC6FA70062A171 /* ContentView.swift */,
				A3E5F62F2BD1A01100C96546 /* ReviewHandler.swift */,
				A327F8012ACC12C600E59355 /* SurebetCalculator */,
				A3245A8D2ACC6D0A0062A171 /* Onboarding */,
				A31C82402BBCA0C300556855 /* Styles */,
				A31C82432BBCA11300556855 /* Extensions */,
				C4620675297BFACC00E70051 /* Preview Content */,
				C4620673297BFACC00E70051 /* Assets.xcassets */,
			);
			path = "SureBet Calculator";
			sourceTree = "<group>";
		};
		C4620675297BFACC00E70051 /* Preview Content */ = {
			isa = PBXGroup;
			children = (
				C4620676297BFACC00E70051 /* Preview Assets.xcassets */,
			);
			path = "Preview Content";
			sourceTree = "<group>";
		};
/* End PBXGroup section */

/* Begin PBXNativeTarget section */
		A346DD742BC5E38100763539 /* SureBetProfitCalculatorTests */ = {
			isa = PBXNativeTarget;
			buildConfigurationList = A346DD7D2BC5E38100763539 /* Build configuration list for PBXNativeTarget "SureBetProfitCalculatorTests" */;
			buildPhases = (
				A346DD712BC5E38100763539 /* Sources */,
				A346DD722BC5E38100763539 /* Frameworks */,
				A346DD732BC5E38100763539 /* Resources */,
			);
			buildRules = (
			);
			dependencies = (
				A36529B12C0B0276000AFC01 /* PBXTargetDependency */,
				A346DD7A2BC5E38100763539 /* PBXTargetDependency */,
			);
			name = SureBetProfitCalculatorTests;
			productName = SureBetProfitCalculatorTests;
			productReference = A346DD752BC5E38100763539 /* SureBetProfitCalculatorTests.xctest */;
			productType = "com.apple.product-type.bundle.unit-test";
		};
		C462066B297BFAC900E70051 /* SureBet Profit Calculator */ = {
			isa = PBXNativeTarget;
			buildConfigurationList = C462067A297BFACC00E70051 /* Build configuration list for PBXNativeTarget "SureBet Profit Calculator" */;
			buildPhases = (
				C4620668297BFAC900E70051 /* Sources */,
				C4620669297BFAC900E70051 /* Frameworks */,
				C462066A297BFAC900E70051 /* Resources */,
			);
			buildRules = (
			);
			dependencies = (
				A3FD1ED02C0AF47B00CC3B6D /* PBXTargetDependency */,
			);
			name = "SureBet Profit Calculator";
			packageProductDependencies = (
				A391C9222BCC334900D50977 /* AppMetricaAdSupport */,
				A391C9242BCC334900D50977 /* AppMetricaCore */,
				A391C9262BCC334900D50977 /* AppMetricaCrashes */,
			);
			productName = "SureBet Calculator";
			productReference = C462066C297BFAC900E70051 /* SureBet Profit Calculator.app */;
			productType = "com.apple.product-type.application";
		};
/* End PBXNativeTarget section */

/* Begin PBXProject section */
		C4620664297BFAC900E70051 /* Project object */ = {
			isa = PBXProject;
			attributes = {
				BuildIndependentTargetsInParallel = 1;
				LastSwiftUpdateCheck = 1510;
				LastUpgradeCheck = 1500;
				TargetAttributes = {
					A346DD742BC5E38100763539 = {
						CreatedOnToolsVersion = 15.1;
						TestTargetID = C462066B297BFAC900E70051;
					};
					C462066B297BFAC900E70051 = {
						CreatedOnToolsVersion = 14.2;
					};
				};
			};
			buildConfigurationList = C4620667297BFAC900E70051 /* Build configuration list for PBXProject "SureBet Profit Calculator" */;
			compatibilityVersion = "Xcode 14.0";
			developmentRegion = en;
			hasScannedForEncodings = 0;
			knownRegions = (
				en,
				Base,
			);
			mainGroup = C4620663297BFAC900E70051;
			packageReferences = (
				A391C9212BCC334900D50977 /* XCRemoteSwiftPackageReference "appmetrica-sdk-ios" */,
				A3F4186F2C0AF0B70097F28C /* XCRemoteSwiftPackageReference "SwiftLint" */,
			);
			productRefGroup = C462066D297BFAC900E70051 /* Products */;
			projectDirPath = "";
			projectRoot = "";
			targets = (
				C462066B297BFAC900E70051 /* SureBet Profit Calculator */,
				A346DD742BC5E38100763539 /* SureBetProfitCalculatorTests */,
			);
		};
/* End PBXProject section */

/* Begin PBXResourcesBuildPhase section */
		A346DD732BC5E38100763539 /* Resources */ = {
			isa = PBXResourcesBuildPhase;
			buildActionMask = 2147483647;
			files = (
			);
			runOnlyForDeploymentPostprocessing = 0;
		};
		C462066A297BFAC900E70051 /* Resources */ = {
			isa = PBXResourcesBuildPhase;
			buildActionMask = 2147483647;
			files = (
				C4620677297BFACC00E70051 /* Preview Assets.xcassets in Resources */,
				C4620674297BFACC00E70051 /* Assets.xcassets in Resources */,
			);
			runOnlyForDeploymentPostprocessing = 0;
		};
/* End PBXResourcesBuildPhase section */

/* Begin PBXSourcesBuildPhase section */
		A346DD712BC5E38100763539 /* Sources */ = {
			isa = PBXSourcesBuildPhase;
			buildActionMask = 2147483647;
			files = (
				A346DD812BC5E41000763539 /* SurebetCalculatorViewModelTests.swift in Sources */,
				A32D5BD42BD17CF100200A2B /* OnboardingViewModelTests.swift in Sources */,
				A3F4186E2C0AE6F10097F28C /* BetCalculatorTests.swift in Sources */,
			);
			runOnlyForDeploymentPostprocessing = 0;
		};
		C4620668297BFAC900E70051 /* Sources */ = {
			isa = PBXSourcesBuildPhase;
			buildActionMask = 2147483647;
			files = (
				A31C82232BBC9F3000556855 /* Row.swift in Sources */,
				A31C82422BBCA0D800556855 /* CalculatorTextFieldStyle.swift in Sources */,
				A3245A9A2ACC6FA70062A171 /* ContentView.swift in Sources */,
				A31C82452BBCA12B00556855 /* String.swift in Sources */,
				A31C823D2BBCA09A00556855 /* KeyboardDoneButton.swift in Sources */,
				A31C82372BBCA02900556855 /* TextView.swift in Sources */,
				A31C82472BBCA13D00556855 /* Double.swift in Sources */,
				A3245A962ACC6DDE0062A171 /* OnboardingPage.swift in Sources */,
				A3E5F6302BD1A01100C96546 /* ReviewHandler.swift in Sources */,
				A31C822B2BBC9F7600556855 /* FocusableField.swift in Sources */,
				A3245AA12ACC936B0062A171 /* OnboardingTabView.swift in Sources */,
				A31C823B2BBCA08600556855 /* ToggleButton.swift in Sources */,
				A31C82292BBC9F6600556855 /* CalculationMethod.swift in Sources */,
				A3245A982ACC6F480062A171 /* OnboardingPageView.swift in Sources */,
				A31C822F2BBC9FB000556855 /* PickerView.swift in Sources */,
				A31C82352BBCA01600556855 /* RowView.swift in Sources */,
				A3245A9D2ACC91F50062A171 /* OnboardingIndex.swift in Sources */,
				C4620670297BFAC900E70051 /* SurebetCalculatorApp.swift in Sources */,
				A3245A922ACC6D700062A171 /* OnboardingView.swift in Sources */,
				A31C82272BBC9F5400556855 /* NumberOfRows.swift in Sources */,
				A3245A942ACC6DD20062A171 /* OnboardingViewModel.swift in Sources */,
				A3F4186A2C0AC96C0097F28C /* BetCalculator.swift in Sources */,
				A3245AA32ACC93D70062A171 /* OnboardingButton.swift in Sources */,
				A31C82332BBC9FF500556855 /* TotalRowView.swift in Sources */,
				A31C823F2BBCA0B100556855 /* NavigationClearButton.swift in Sources */,
				A3245A9F2ACC92BA0062A171 /* OnboardingCloseButton.swift in Sources */,
				A31C82212BBC9F0700556855 /* TotalRow.swift in Sources */,
				A31C822D2BBC9F9A00556855 /* SurebetCalculatorView.swift in Sources */,
				A3F54AEF2BBDE56600F12D95 /* TextFieldView.swift in Sources */,
				A3D472212BBDC05D00B8E0EA /* KeyboardClearButton.swift in Sources */,
				A31C82312BBC9FE100556855 /* SurebetCalculatorViewModel.swift in Sources */,
				A31C82252BBC9F4900556855 /* RowType.swift in Sources */,
			);
			runOnlyForDeploymentPostprocessing = 0;
		};
/* End PBXSourcesBuildPhase section */

/* Begin PBXTargetDependency section */
		A346DD7A2BC5E38100763539 /* PBXTargetDependency */ = {
			isa = PBXTargetDependency;
			target = C462066B297BFAC900E70051 /* SureBet Profit Calculator */;
			targetProxy = A346DD792BC5E38100763539 /* PBXContainerItemProxy */;
		};
		A36529B12C0B0276000AFC01 /* PBXTargetDependency */ = {
			isa = PBXTargetDependency;
			productRef = A36529B02C0B0276000AFC01 /* SwiftLintBuildToolPlugin */;
		};
		A3FD1ED02C0AF47B00CC3B6D /* PBXTargetDependency */ = {
			isa = PBXTargetDependency;
			productRef = A3FD1ECF2C0AF47B00CC3B6D /* SwiftLintBuildToolPlugin */;
		};
/* End PBXTargetDependency section */

/* Begin XCBuildConfiguration section */
		A346DD7B2BC5E38100763539 /* Debug */ = {
			isa = XCBuildConfiguration;
			buildSettings = {
				ASSETCATALOG_COMPILER_GENERATE_SWIFT_ASSET_SYMBOL_EXTENSIONS = YES;
				BUNDLE_LOADER = "$(TEST_HOST)";
				CODE_SIGN_STYLE = Automatic;
				CURRENT_PROJECT_VERSION = 1;
				DEVELOPMENT_TEAM = 848LVZR9JB;
				GCC_C_LANGUAGE_STANDARD = gnu17;
				GENERATE_INFOPLIST_FILE = YES;
				IPHONEOS_DEPLOYMENT_TARGET = 15.0;
				LOCALIZATION_PREFERS_STRING_CATALOGS = YES;
				MARKETING_VERSION = 1.0;
				PRODUCT_BUNDLE_IDENTIFIER = "Iaroslav-Beldin.SureBetProfitCalculatorTests";
				PRODUCT_NAME = "$(TARGET_NAME)";
				SUPPORTED_PLATFORMS = "iphoneos iphonesimulator";
				SUPPORTS_MACCATALYST = NO;
				SUPPORTS_MAC_DESIGNED_FOR_IPHONE_IPAD = NO;
				SWIFT_ACTIVE_COMPILATION_CONDITIONS = "DEBUG $(inherited)";
				SWIFT_EMIT_LOC_STRINGS = NO;
				SWIFT_VERSION = 5.0;
				TARGETED_DEVICE_FAMILY = "1,2";
				TEST_HOST = "$(BUILT_PRODUCTS_DIR)/SureBet Profit Calculator.app/$(BUNDLE_EXECUTABLE_FOLDER_PATH)/SureBet Profit Calculator";
			};
			name = Debug;
		};
		A346DD7C2BC5E38100763539 /* Release */ = {
			isa = XCBuildConfiguration;
			buildSettings = {
				ASSETCATALOG_COMPILER_GENERATE_SWIFT_ASSET_SYMBOL_EXTENSIONS = YES;
				BUNDLE_LOADER = "$(TEST_HOST)";
				CODE_SIGN_STYLE = Automatic;
				CURRENT_PROJECT_VERSION = 1;
				DEVELOPMENT_TEAM = 848LVZR9JB;
				GCC_C_LANGUAGE_STANDARD = gnu17;
				GENERATE_INFOPLIST_FILE = YES;
				IPHONEOS_DEPLOYMENT_TARGET = 15.0;
				LOCALIZATION_PREFERS_STRING_CATALOGS = YES;
				MARKETING_VERSION = 1.0;
				PRODUCT_BUNDLE_IDENTIFIER = "Iaroslav-Beldin.SureBetProfitCalculatorTests";
				PRODUCT_NAME = "$(TARGET_NAME)";
				SUPPORTED_PLATFORMS = "iphoneos iphonesimulator";
				SUPPORTS_MACCATALYST = NO;
				SUPPORTS_MAC_DESIGNED_FOR_IPHONE_IPAD = NO;
				SWIFT_EMIT_LOC_STRINGS = NO;
				SWIFT_VERSION = 5.0;
				TARGETED_DEVICE_FAMILY = "1,2";
				TEST_HOST = "$(BUILT_PRODUCTS_DIR)/SureBet Profit Calculator.app/$(BUNDLE_EXECUTABLE_FOLDER_PATH)/SureBet Profit Calculator";
			};
			name = Release;
		};
		C4620678297BFACC00E70051 /* Debug */ = {
			isa = XCBuildConfiguration;
			buildSettings = {
				ALWAYS_SEARCH_USER_PATHS = NO;
				CLANG_ANALYZER_NONNULL = YES;
				CLANG_ANALYZER_NUMBER_OBJECT_CONVERSION = YES_AGGRESSIVE;
				CLANG_CXX_LANGUAGE_STANDARD = "gnu++20";
				CLANG_ENABLE_MODULES = YES;
				CLANG_ENABLE_OBJC_ARC = YES;
				CLANG_ENABLE_OBJC_WEAK = YES;
				CLANG_WARN_BLOCK_CAPTURE_AUTORELEASING = YES;
				CLANG_WARN_BOOL_CONVERSION = YES;
				CLANG_WARN_COMMA = YES;
				CLANG_WARN_CONSTANT_CONVERSION = YES;
				CLANG_WARN_DEPRECATED_OBJC_IMPLEMENTATIONS = YES;
				CLANG_WARN_DIRECT_OBJC_ISA_USAGE = YES_ERROR;
				CLANG_WARN_DOCUMENTATION_COMMENTS = YES;
				CLANG_WARN_EMPTY_BODY = YES;
				CLANG_WARN_ENUM_CONVERSION = YES;
				CLANG_WARN_INFINITE_RECURSION = YES;
				CLANG_WARN_INT_CONVERSION = YES;
				CLANG_WARN_NON_LITERAL_NULL_CONVERSION = YES;
				CLANG_WARN_OBJC_IMPLICIT_RETAIN_SELF = YES;
				CLANG_WARN_OBJC_LITERAL_CONVERSION = YES;
				CLANG_WARN_OBJC_ROOT_CLASS = YES_ERROR;
				CLANG_WARN_QUOTED_INCLUDE_IN_FRAMEWORK_HEADER = YES;
				CLANG_WARN_RANGE_LOOP_ANALYSIS = YES;
				CLANG_WARN_STRICT_PROTOTYPES = YES;
				CLANG_WARN_SUSPICIOUS_MOVE = YES;
				CLANG_WARN_UNGUARDED_AVAILABILITY = YES_AGGRESSIVE;
				CLANG_WARN_UNREACHABLE_CODE = YES;
				CLANG_WARN__DUPLICATE_METHOD_MATCH = YES;
				COPY_PHASE_STRIP = NO;
				DEBUG_INFORMATION_FORMAT = dwarf;
				ENABLE_STRICT_OBJC_MSGSEND = YES;
				ENABLE_TESTABILITY = YES;
				ENABLE_USER_SCRIPT_SANDBOXING = YES;
				GCC_C_LANGUAGE_STANDARD = gnu11;
				GCC_DYNAMIC_NO_PIC = NO;
				GCC_NO_COMMON_BLOCKS = YES;
				GCC_OPTIMIZATION_LEVEL = 0;
				GCC_PREPROCESSOR_DEFINITIONS = (
					"DEBUG=1",
					"$(inherited)",
				);
				GCC_WARN_64_TO_32_BIT_CONVERSION = YES;
				GCC_WARN_ABOUT_RETURN_TYPE = YES_ERROR;
				GCC_WARN_UNDECLARED_SELECTOR = YES;
				GCC_WARN_UNINITIALIZED_AUTOS = YES_AGGRESSIVE;
				GCC_WARN_UNUSED_FUNCTION = YES;
				GCC_WARN_UNUSED_VARIABLE = YES;
				IPHONEOS_DEPLOYMENT_TARGET = 15.0;
				MTL_ENABLE_DEBUG_INFO = INCLUDE_SOURCE;
				MTL_FAST_MATH = YES;
				ONLY_ACTIVE_ARCH = YES;
				SDKROOT = iphoneos;
				SWIFT_ACTIVE_COMPILATION_CONDITIONS = DEBUG;
				SWIFT_OPTIMIZATION_LEVEL = "-Onone";
			};
			name = Debug;
		};
		C4620679297BFACC00E70051 /* Release */ = {
			isa = XCBuildConfiguration;
			buildSettings = {
				ALWAYS_SEARCH_USER_PATHS = NO;
				CLANG_ANALYZER_NONNULL = YES;
				CLANG_ANALYZER_NUMBER_OBJECT_CONVERSION = YES_AGGRESSIVE;
				CLANG_CXX_LANGUAGE_STANDARD = "gnu++20";
				CLANG_ENABLE_MODULES = YES;
				CLANG_ENABLE_OBJC_ARC = YES;
				CLANG_ENABLE_OBJC_WEAK = YES;
				CLANG_WARN_BLOCK_CAPTURE_AUTORELEASING = YES;
				CLANG_WARN_BOOL_CONVERSION = YES;
				CLANG_WARN_COMMA = YES;
				CLANG_WARN_CONSTANT_CONVERSION = YES;
				CLANG_WARN_DEPRECATED_OBJC_IMPLEMENTATIONS = YES;
				CLANG_WARN_DIRECT_OBJC_ISA_USAGE = YES_ERROR;
				CLANG_WARN_DOCUMENTATION_COMMENTS = YES;
				CLANG_WARN_EMPTY_BODY = YES;
				CLANG_WARN_ENUM_CONVERSION = YES;
				CLANG_WARN_INFINITE_RECURSION = YES;
				CLANG_WARN_INT_CONVERSION = YES;
				CLANG_WARN_NON_LITERAL_NULL_CONVERSION = YES;
				CLANG_WARN_OBJC_IMPLICIT_RETAIN_SELF = YES;
				CLANG_WARN_OBJC_LITERAL_CONVERSION = YES;
				CLANG_WARN_OBJC_ROOT_CLASS = YES_ERROR;
				CLANG_WARN_QUOTED_INCLUDE_IN_FRAMEWORK_HEADER = YES;
				CLANG_WARN_RANGE_LOOP_ANALYSIS = YES;
				CLANG_WARN_STRICT_PROTOTYPES = YES;
				CLANG_WARN_SUSPICIOUS_MOVE = YES;
				CLANG_WARN_UNGUARDED_AVAILABILITY = YES_AGGRESSIVE;
				CLANG_WARN_UNREACHABLE_CODE = YES;
				CLANG_WARN__DUPLICATE_METHOD_MATCH = YES;
				COPY_PHASE_STRIP = NO;
				DEBUG_INFORMATION_FORMAT = "dwarf-with-dsym";
				ENABLE_NS_ASSERTIONS = NO;
				ENABLE_STRICT_OBJC_MSGSEND = YES;
				ENABLE_USER_SCRIPT_SANDBOXING = YES;
				GCC_C_LANGUAGE_STANDARD = gnu11;
				GCC_NO_COMMON_BLOCKS = YES;
				GCC_WARN_64_TO_32_BIT_CONVERSION = YES;
				GCC_WARN_ABOUT_RETURN_TYPE = YES_ERROR;
				GCC_WARN_UNDECLARED_SELECTOR = YES;
				GCC_WARN_UNINITIALIZED_AUTOS = YES_AGGRESSIVE;
				GCC_WARN_UNUSED_FUNCTION = YES;
				GCC_WARN_UNUSED_VARIABLE = YES;
				IPHONEOS_DEPLOYMENT_TARGET = 15.0;
				MTL_ENABLE_DEBUG_INFO = NO;
				MTL_FAST_MATH = YES;
				SDKROOT = iphoneos;
				SWIFT_COMPILATION_MODE = wholemodule;
				SWIFT_OPTIMIZATION_LEVEL = "-O";
				VALIDATE_PRODUCT = YES;
			};
			name = Release;
		};
		C462067B297BFACC00E70051 /* Debug */ = {
			isa = XCBuildConfiguration;
			buildSettings = {
				ASSETCATALOG_COMPILER_APPICON_NAME = AppIcon;
				ASSETCATALOG_COMPILER_GLOBAL_ACCENT_COLOR_NAME = AccentColor;
				CODE_SIGN_IDENTITY = "Apple Development";
				CODE_SIGN_STYLE = Automatic;
				CURRENT_PROJECT_VERSION = 8;
				DEVELOPMENT_ASSET_PATHS = "\"SureBet Calculator/Preview Content\"";
				DEVELOPMENT_TEAM = 848LVZR9JB;
				ENABLE_PREVIEWS = YES;
				GENERATE_INFOPLIST_FILE = YES;
				INFOPLIST_FILE = "SureBet-Profit-Calculator-Info.plist";
				INFOPLIST_KEY_CFBundleDisplayName = "Surebet Calculator";
				INFOPLIST_KEY_LSApplicationCategoryType = "public.app-category.finance";
				INFOPLIST_KEY_UIApplicationSceneManifest_Generation = YES;
				INFOPLIST_KEY_UIApplicationSupportsIndirectInputEvents = YES;
				INFOPLIST_KEY_UILaunchScreen_Generation = YES;
				INFOPLIST_KEY_UIStatusBarStyle = "";
				INFOPLIST_KEY_UISupportedInterfaceOrientations = UIInterfaceOrientationPortrait;
				INFOPLIST_KEY_UISupportedInterfaceOrientations_iPad = "UIInterfaceOrientationLandscapeLeft UIInterfaceOrientationLandscapeRight UIInterfaceOrientationPortrait UIInterfaceOrientationPortraitUpsideDown";
				IPHONEOS_DEPLOYMENT_TARGET = 15.0;
				LD_RUNPATH_SEARCH_PATHS = (
					"$(inherited)",
					"@executable_path/Frameworks",
				);
				MARKETING_VERSION = 1.2.0;
				PRODUCT_BUNDLE_IDENTIFIER = "Iaroslav-Beldin.SureBet-Profit-Calculator";
				PRODUCT_NAME = "$(TARGET_NAME)";
				PROVISIONING_PROFILE_SPECIFIER = "";
				SUPPORTED_PLATFORMS = "iphoneos iphonesimulator";
				SUPPORTS_MACCATALYST = NO;
				SUPPORTS_MAC_DESIGNED_FOR_IPHONE_IPAD = NO;
				SWIFT_EMIT_LOC_STRINGS = YES;
				SWIFT_VERSION = 5.0;
				TARGETED_DEVICE_FAMILY = "1,2";
			};
			name = Debug;
		};
		C462067C297BFACC00E70051 /* Release */ = {
			isa = XCBuildConfiguration;
			buildSettings = {
				ASSETCATALOG_COMPILER_APPICON_NAME = AppIcon;
				ASSETCATALOG_COMPILER_GLOBAL_ACCENT_COLOR_NAME = AccentColor;
				CODE_SIGN_IDENTITY = "Apple Development";
				CODE_SIGN_STYLE = Automatic;
				CURRENT_PROJECT_VERSION = 8;
				DEVELOPMENT_ASSET_PATHS = "\"SureBet Calculator/Preview Content\"";
				DEVELOPMENT_TEAM = 848LVZR9JB;
				ENABLE_PREVIEWS = YES;
				GENERATE_INFOPLIST_FILE = YES;
				INFOPLIST_FILE = "SureBet-Profit-Calculator-Info.plist";
				INFOPLIST_KEY_CFBundleDisplayName = "Surebet Calculator";
				INFOPLIST_KEY_LSApplicationCategoryType = "public.app-category.finance";
				INFOPLIST_KEY_UIApplicationSceneManifest_Generation = YES;
				INFOPLIST_KEY_UIApplicationSupportsIndirectInputEvents = YES;
				INFOPLIST_KEY_UILaunchScreen_Generation = YES;
				INFOPLIST_KEY_UIStatusBarStyle = "";
				INFOPLIST_KEY_UISupportedInterfaceOrientations = UIInterfaceOrientationPortrait;
				INFOPLIST_KEY_UISupportedInterfaceOrientations_iPad = "UIInterfaceOrientationLandscapeLeft UIInterfaceOrientationLandscapeRight UIInterfaceOrientationPortrait UIInterfaceOrientationPortraitUpsideDown";
				IPHONEOS_DEPLOYMENT_TARGET = 15.0;
				LD_RUNPATH_SEARCH_PATHS = (
					"$(inherited)",
					"@executable_path/Frameworks",
				);
				MARKETING_VERSION = 1.2.0;
				PRODUCT_BUNDLE_IDENTIFIER = "Iaroslav-Beldin.SureBet-Profit-Calculator";
				PRODUCT_NAME = "$(TARGET_NAME)";
				PROVISIONING_PROFILE_SPECIFIER = "";
				SUPPORTED_PLATFORMS = "iphoneos iphonesimulator";
				SUPPORTS_MACCATALYST = NO;
				SUPPORTS_MAC_DESIGNED_FOR_IPHONE_IPAD = NO;
				SWIFT_EMIT_LOC_STRINGS = YES;
				SWIFT_VERSION = 5.0;
				TARGETED_DEVICE_FAMILY = "1,2";
			};
			name = Release;
		};
/* End XCBuildConfiguration section */

/* Begin XCConfigurationList section */
		A346DD7D2BC5E38100763539 /* Build configuration list for PBXNativeTarget "SureBetProfitCalculatorTests" */ = {
			isa = XCConfigurationList;
			buildConfigurations = (
				A346DD7B2BC5E38100763539 /* Debug */,
				A346DD7C2BC5E38100763539 /* Release */,
			);
			defaultConfigurationIsVisible = 0;
			defaultConfigurationName = Release;
		};
		C4620667297BFAC900E70051 /* Build configuration list for PBXProject "SureBet Profit Calculator" */ = {
			isa = XCConfigurationList;
			buildConfigurations = (
				C4620678297BFACC00E70051 /* Debug */,
				C4620679297BFACC00E70051 /* Release */,
			);
			defaultConfigurationIsVisible = 0;
			defaultConfigurationName = Release;
		};
		C462067A297BFACC00E70051 /* Build configuration list for PBXNativeTarget "SureBet Profit Calculator" */ = {
			isa = XCConfigurationList;
			buildConfigurations = (
				C462067B297BFACC00E70051 /* Debug */,
				C462067C297BFACC00E70051 /* Release */,
			);
			defaultConfigurationIsVisible = 0;
			defaultConfigurationName = Release;
		};
/* End XCConfigurationList section */

/* Begin XCRemoteSwiftPackageReference section */
		A391C9212BCC334900D50977 /* XCRemoteSwiftPackageReference "appmetrica-sdk-ios" */ = {
			isa = XCRemoteSwiftPackageReference;
			repositoryURL = "https://github.com/appmetrica/appmetrica-sdk-ios";
			requirement = {
				kind = upToNextMajorVersion;
				minimumVersion = 5.2.0;
			};
		};
		A3F4186F2C0AF0B70097F28C /* XCRemoteSwiftPackageReference "SwiftLint" */ = {
			isa = XCRemoteSwiftPackageReference;
			repositoryURL = "https://github.com/realm/SwiftLint.git";
			requirement = {
				kind = upToNextMinorVersion;
				minimumVersion = 0.55.1;
			};
		};
/* End XCRemoteSwiftPackageReference section */

/* Begin XCSwiftPackageProductDependency section */
		A36529B02C0B0276000AFC01 /* SwiftLintBuildToolPlugin */ = {
			isa = XCSwiftPackageProductDependency;
			package = A3F4186F2C0AF0B70097F28C /* XCRemoteSwiftPackageReference "SwiftLint" */;
			productName = "plugin:SwiftLintBuildToolPlugin";
		};
		A391C9222BCC334900D50977 /* AppMetricaAdSupport */ = {
			isa = XCSwiftPackageProductDependency;
			package = A391C9212BCC334900D50977 /* XCRemoteSwiftPackageReference "appmetrica-sdk-ios" */;
			productName = AppMetricaAdSupport;
		};
		A391C9242BCC334900D50977 /* AppMetricaCore */ = {
			isa = XCSwiftPackageProductDependency;
			package = A391C9212BCC334900D50977 /* XCRemoteSwiftPackageReference "appmetrica-sdk-ios" */;
			productName = AppMetricaCore;
		};
		A391C9262BCC334900D50977 /* AppMetricaCrashes */ = {
			isa = XCSwiftPackageProductDependency;
			package = A391C9212BCC334900D50977 /* XCRemoteSwiftPackageReference "appmetrica-sdk-ios" */;
			productName = AppMetricaCrashes;
		};
		A3FD1ECF2C0AF47B00CC3B6D /* SwiftLintBuildToolPlugin */ = {
			isa = XCSwiftPackageProductDependency;
			package = A3F4186F2C0AF0B70097F28C /* XCRemoteSwiftPackageReference "SwiftLint" */;
			productName = "plugin:SwiftLintBuildToolPlugin";
		};
/* End XCSwiftPackageProductDependency section */
	};
	rootObject = C4620664297BFAC900E70051 /* Project object */;
}
