{
  "pins" : [
    {
      "identity" : "appmetrica-sdk-ios",
      "kind" : "remoteSourceControl",
      "location" : "https://github.com/appmetrica/appmetrica-sdk-ios",
      "state" : {
        "revision" : "766808009096e0e6f0648fbaf1b5460508b6c3ae",
        "version" : "5.2.0"
      }
    },
    {
      "identity" : "kscrash",
      "kind" : "remoteSourceControl",
      "location" : "https://github.com/kstenerud/KSCrash",
      "state" : {
        "revision" : "8e29ada12998c47b1ca595bb21d47a27f4e57b22",
        "version" : "1.17.0"
      }
    }
  ],
  "version" : 2
}
